{
  "name": "atlas-lib",
  "version": "0.0.1",
  "lockfileVersion": 1,
  "requires": true,
  "dependencies": {
    "app-root-path": {
      "version": "2.1.0",
      "resolved": "https://registry.npmjs.org/app-root-path/-/app-root-path-2.1.0.tgz",
      "integrity": "sha1-mL9lmTJ+zqGZMJhm6BQDaP0uZGo=",
      "dev": true
    },
    "codelyzer": {
      "version": "4.4.2",
      "resolved": "https://registry.npmjs.org/codelyzer/-/codelyzer-4.4.2.tgz",
      "integrity": "sha512-tW796ECKMAynFtl/yyS5NRYhufbT3CEKjjMQ450kUeCcQlK7OIqD9VGRVwC3gSQSK4VaewCKCaVL0bzv9PhsLg==",
      "dev": true,
      "requires": {
        "app-root-path": "2.1.0",
        "css-selector-tokenizer": "0.7.0",
        "cssauron": "1.4.0",
        "semver-dsl": "1.0.1",
        "source-map": "0.5.7",
        "sprintf-js": "1.1.1"
      }
    },
    "css-selector-tokenizer": {
      "version": "0.7.0",
      "resolved": "https://registry.npmjs.org/css-selector-tokenizer/-/css-selector-tokenizer-0.7.0.tgz",
      "integrity": "sha1-5piEdK6MlTR3v15+/s/OzNnPTIY=",
      "dev": true,
      "requires": {
        "cssesc": "0.1.0",
        "fastparse": "1.1.1",
        "regexpu-core": "1.0.0"
      }
    },
    "cssauron": {
      "version": "1.4.0",
      "resolved": "https://registry.npmjs.org/cssauron/-/cssauron-1.4.0.tgz",
      "integrity": "sha1-pmAt/34EqDBtwNuaVR6S6LVmKtg=",
      "dev": true,
      "requires": {
        "through": "2.3.8"
      }
    },
    "cssesc": {
      "version": "0.1.0",
      "resolved": "https://registry.npmjs.org/cssesc/-/cssesc-0.1.0.tgz",
      "integrity": "sha1-yBSQPkViM3GgR3tAEJqq++6t27Q=",
      "dev": true
    },
    "doctrine": {
      "version": "0.7.2",
      "resolved": "https://registry.npmjs.org/doctrine/-/doctrine-0.7.2.tgz",
      "integrity": "sha1-fLhgNZujvpDgQLJrcpzkv6ZUxSM=",
      "dev": true,
      "requires": {
        "esutils": "1.1.6",
        "isarray": "0.0.1"
      }
    },
    "esutils": {
      "version": "1.1.6",
      "resolved": "https://registry.npmjs.org/esutils/-/esutils-1.1.6.tgz",
      "integrity": "sha1-wBzKqa5LiXxtDD4hCuUvPHqEQ3U=",
      "dev": true
    },
    "fastparse": {
      "version": "1.1.1",
      "resolved": "https://registry.npmjs.org/fastparse/-/fastparse-1.1.1.tgz",
      "integrity": "sha1-0eJkOzipTXWDtHkGDmxK/8lAcfg=",
      "dev": true
    },
    "isarray": {
      "version": "0.0.1",
      "resolved": "https://registry.npmjs.org/isarray/-/isarray-0.0.1.tgz",
      "integrity": "sha1-ihis/Kmo9Bd+Cav8YDiTmwXR7t8=",
      "dev": true
    },
    "jsesc": {
      "version": "0.5.0",
      "resolved": "https://registry.npmjs.org/jsesc/-/jsesc-0.5.0.tgz",
      "integrity": "sha1-597mbjXW/Bb3EP6R1c9p9w8IkR0=",
      "dev": true
    },
    "regenerate": {
      "version": "1.4.0",
      "resolved": "https://registry.npmjs.org/regenerate/-/regenerate-1.4.0.tgz",
      "integrity": "sha512-1G6jJVDWrt0rK99kBjvEtziZNCICAuvIPkSiUFIQxVP06RCVpq3dmDo2oi6ABpYaDYaTRr67BEhL8r1wgEZZKg==",
      "dev": true
    },
    "regexpu-core": {
      "version": "1.0.0",
      "resolved": "https://registry.npmjs.org/regexpu-core/-/regexpu-core-1.0.0.tgz",
      "integrity": "sha1-hqdj9Y7k18L2sQLkdkBQ3n7ZDGs=",
      "dev": true,
      "requires": {
        "regenerate": "1.4.0",
        "regjsgen": "0.2.0",
        "regjsparser": "0.1.5"
      }
    },
    "regjsgen": {
      "version": "0.2.0",
      "resolved": "https://registry.npmjs.org/regjsgen/-/regjsgen-0.2.0.tgz",
      "integrity": "sha1-bAFq3qxVT3WCP+N6wFuS1aTtsfc=",
      "dev": true
    },
    "regjsparser": {
      "version": "0.1.5",
      "resolved": "https://registry.npmjs.org/regjsparser/-/regjsparser-0.1.5.tgz",
      "integrity": "sha1-fuj4Tcb6eS0/0K4ijSS9lJ6tIFw=",
      "dev": true,
      "requires": {
        "jsesc": "0.5.0"
      }
    },
    "semver": {
      "version": "5.5.0",
      "resolved": "https://registry.npmjs.org/semver/-/semver-5.5.0.tgz",
      "integrity": "sha512-4SJ3dm0WAwWy/NVeioZh5AntkdJoWKxHxcmyP622fOkgHa4z3R0TdBJICINyaSDE6uNwVc8gZr+ZinwZAH4xIA==",
      "dev": true
    },
    "semver-dsl": {
      "version": "1.0.1",
      "resolved": "https://registry.npmjs.org/semver-dsl/-/semver-dsl-1.0.1.tgz",
      "integrity": "sha1-02eN5VVeimH2Ke7QJTZq5fJzQKA=",
      "dev": true,
      "requires": {
        "semver": "5.5.0"
      }
    },
    "source-map": {
      "version": "0.5.7",
      "resolved": "https://registry.npmjs.org/source-map/-/source-map-0.5.7.tgz",
      "integrity": "sha1-igOdLRAh0i0eoUyA2OpGi6LvP8w=",
      "dev": true
    },
    "sprintf-js": {
      "version": "1.1.1",
      "resolved": "https://registry.npmjs.org/sprintf-js/-/sprintf-js-1.1.1.tgz",
      "integrity": "sha1-Nr54Mgr+WAH2zqPueLblqrlA6gw=",
      "dev": true
    },
    "through": {
      "version": "2.3.8",
      "resolved": "https://registry.npmjs.org/through/-/through-2.3.8.tgz",
      "integrity": "sha1-DdTJ/6q8NXlgsbckEV1+Doai4fU=",
      "dev": true
    },
    "tslib": {
      "version": "1.9.0",
      "resolved": "https://registry.npmjs.org/tslib/-/tslib-1.9.0.tgz",
      "integrity": "sha512-f/qGG2tUkrISBlQZEjEqoZ3B2+npJjIf04H1wuAv9iA8i04Icp+61KRXxFdha22670NJopsZCIjhC3SnjPRKrQ==",
      "dev": true
    },
    "tslint-eslint-rules": {
      "version": "5.3.1",
      "resolved": "https://registry.npmjs.org/tslint-eslint-rules/-/tslint-eslint-rules-5.3.1.tgz",
      "integrity": "sha512-qq2H/AU/FlFbQJKXuxhtIk+ni/nQu9jHHhsFKa6hnA0/n3zl1/RWRc3TVFlL8HfWFMzkST350VeTrFpy1u4OUg==",
      "dev": true,
      "requires": {
        "doctrine": "0.7.2",
        "tslib": "1.9.0",
        "tsutils": "2.8.0"
      }
    },
    "tsutils": {
      "version": "2.8.0",
      "resolved": "https://registry.npmjs.org/tsutils/-/tsutils-2.8.0.tgz",
      "integrity": "sha1-AWAXNymzvxOGKN0UoVN+AIUdgUo=",
      "dev": true,
      "requires": {
        "tslib": "1.9.0"
      }
    }
  }
}
